version = 1
revision = 2
requires-python = ">=3.9"

[[package]]
name = "baml-py"
version = "0.201.0"
source = { registry = "https://pypi.org/simple" }
wheels = [
    { url = "https://files.pythonhosted.org/packages/54/54/2b0edb3d22e95ce56f36610391c11108a4ef26ba2837736a32001687ae34/baml_py-0.201.0-cp38-abi3-macosx_10_12_x86_64.whl", hash = "sha256:83228d2af2b0e845bbbb4e14f7cbd3376cec385aee01210ac522ab6076e07bec", size = 17387971, upload-time = "2025-07-03T19:29:05.844Z" },
    { url = "https://files.pythonhosted.org/packages/c9/08/1d48c28c63eadea2c04360cbb7f64968599e99cd6b8fc0ec0bd4424d3cf1/baml_py-0.201.0-cp38-abi3-macosx_11_0_arm64.whl", hash = "sha256:2a9d016139e3ae5b5ce98c7b05b5fbd53d5d38f04dc810ec4d70fb17dd6c10e4", size = 16191010, upload-time = "2025-07-03T19:29:09.323Z" },
    { url = "https://files.pythonhosted.org/packages/73/1a/20b2d46501e3dd0648af339825106a6ac5eeb5d22d7e6a10cf16b9aa1cb8/baml_py-0.201.0-cp38-abi3-manylinux_2_17_x86_64.manylinux2014_x86_64.whl", hash = "sha256:b5058505b1a3c5f04fc1679aec4d730fa9bef2cbd96209b3ed50152f60b96baf", size = 19950249, upload-time = "2025-07-03T19:29:11.974Z" },
    { url = "https://files.pythonhosted.org/packages/38/24/bc871059e905159ae1913c2e3032dd6ef2f5c3d0983999d2c2f1eebb65a4/baml_py-0.201.0-cp38-abi3-manylinux_2_24_aarch64.whl", hash = "sha256:36289d548581ba4accd5eaaab3246872542dd32dc6717e537654fa0cad884071", size = 19231310, upload-time = "2025-07-03T19:29:14.857Z" },
    { url = "https://files.pythonhosted.org/packages/0e/11/4268a0b82b02c7202fe5aa0d7175712158d998c491cac723b2bac3d5d495/baml_py-0.201.0-cp38-abi3-musllinux_1_1_aarch64.whl", hash = "sha256:5ab70e7bd6481d71edca8a33313347b29faccec78b9960138aa437522813ac9a", size = 19490012, upload-time = "2025-07-03T19:29:18.512Z" },
    { url = "https://files.pythonhosted.org/packages/31/21/c9f9aea1adba2a5978ffab11ba0948a9f3f81ec6ed3056067713260e93a1/baml_py-0.201.0-cp38-abi3-musllinux_1_1_x86_64.whl", hash = "sha256:7efc5c693a7142c230a4f3d6700415127fee0b9f5fdbb36db63e04e27ac4c0f1", size = 20090620, upload-time = "2025-07-03T19:29:21.072Z" },
    { url = "https://files.pythonhosted.org/packages/99/cf/92123d8d753f1d1473e080c4c182139bfe3b9a6418e891cf1d96b6c33848/baml_py-0.201.0-cp38-abi3-win_amd64.whl", hash = "sha256:56499857b7a27ae61a661c8ce0dddd0fb567a45c0b826157e44048a14cf586f9", size = 17253005, upload-time = "2025-07-03T19:29:23.722Z" },
    { url = "https://files.pythonhosted.org/packages/59/88/5056aa1bc9480f758cd6e210d63bd1f9ad90b44c87f4121285906526495e/baml_py-0.201.0-cp38-abi3-win_arm64.whl", hash = "sha256:1e52dc1151db84a302b746590fe2bc484bdd794f83fa5da7216d9394c559f33a", size = 15612701, upload-time = "2025-07-03T19:29:26.712Z" },
]

[[package]]
name = "learn-baml"
version = "0.1.0"
source = { virtual = "." }
dependencies = [
    { name = "baml-py" },
]

[package.metadata]
requires-dist = [{ name = "baml-py", specifier = ">=0.201.0" }]
